# @generated - this file is auto-generated by `mise lock` https://mise.jdx.dev/dev-tools/mise-lock.html

[[tools.go]]
version = "1.26.2"
backend = "core:go"

[tools.go."platforms.linux-arm64"]
checksum = "sha256:c958a1fe1b361391db163a485e21f5f228142d6f8b584f6bef89b26f66dc5b23"
url = "https://dl.google.com/go/go1.26.2.linux-arm64.tar.gz"

[tools.go."platforms.linux-arm64-musl"]
checksum = "sha256:c958a1fe1b361391db163a485e21f5f228142d6f8b584f6bef89b26f66dc5b23"
url = "https://dl.google.com/go/go1.26.2.linux-arm64.tar.gz"

[tools.go."platforms.linux-x64"]
checksum = "sha256:990e6b4bbba816dc3ee129eaeaf4b42f17c2800b88a2166c265ac1a200262282"
url = "https://dl.google.com/go/go1.26.2.linux-amd64.tar.gz"

[tools.go."platforms.linux-x64-musl"]
checksum = "sha256:990e6b4bbba816dc3ee129eaeaf4b42f17c2800b88a2166c265ac1a200262282"
url = "https://dl.google.com/go/go1.26.2.linux-amd64.tar.gz"

[tools.go."platforms.macos-arm64"]
checksum = "sha256:32af1522bf3e3ff3975864780a429cc0b41d190ec7bf90faa661d6d64566e7af"
url = "https://dl.google.com/go/go1.26.2.darwin-arm64.tar.gz"

[tools.go."platforms.macos-x64"]
checksum = "sha256:bc3f1500d9968c36d705442d90ba91addf9271665033748b82532682e90a7966"
url = "https://dl.google.com/go/go1.26.2.darwin-amd64.tar.gz"

[tools.go."platforms.windows-x64"]
checksum = "sha256:98eb3570bade15cb826b0909338df6cc6d2cf590bc39c471142002db3832b708"
url = "https://dl.google.com/go/go1.26.2.windows-amd64.zip"

[[tools.node]]
version = "24.13.0"
backend = "core:node"

[tools.node."platforms.linux-arm64"]
checksum = "sha256:0f6d40b94c6a2eb6b4c240ffc8b9fd3ada7ab044c177dd413c06e1ef9a63f081"
url = "https://nodejs.org/dist/v24.13.0/node-v24.13.0-linux-arm64.tar.gz"

[tools.node."platforms.linux-arm64-musl"]
checksum = "sha256:0f6d40b94c6a2eb6b4c240ffc8b9fd3ada7ab044c177dd413c06e1ef9a63f081"
url = "https://nodejs.org/dist/v24.13.0/node-v24.13.0-linux-arm64.tar.gz"

[tools.node."platforms.linux-x64"]
checksum = "sha256:6223aad1a81f9d1e7b682c59d12e2de233f7b4c37475cd40d1c89c42b737ffa8"
url = "https://nodejs.org/dist/v24.13.0/node-v24.13.0-linux-x64.tar.gz"

[tools.node."platforms.linux-x64-musl"]
checksum = "sha256:6223aad1a81f9d1e7b682c59d12e2de233f7b4c37475cd40d1c89c42b737ffa8"
url = "https://nodejs.org/dist/v24.13.0/node-v24.13.0-linux-x64.tar.gz"

[tools.node."platforms.macos-arm64"]
checksum = "sha256:d595961e563fcae057d4a0fb992f175a54d97fcc4a14dc2d474d92ddeea3b9f8"
url = "https://nodejs.org/dist/v24.13.0/node-v24.13.0-darwin-arm64.tar.gz"

[tools.node."platforms.macos-x64"]
checksum = "sha256:6f03c1b48ddbe1b129a6f8038be08e0899f05f17185b4d3e4350180ab669a7f3"
url = "https://nodejs.org/dist/v24.13.0/node-v24.13.0-darwin-x64.tar.gz"

[tools.node."platforms.windows-x64"]
checksum = "sha256:ca2742695be8de44027d71b3f53a4bdb36009b95575fe1ae6f7f0b5ce091cb88"
url = "https://nodejs.org/dist/v24.13.0/node-v24.13.0-win-x64.zip"

[[tools.shellcheck]]
version = "0.11.0"
backend = "aqua:koalaman/shellcheck"

[tools.shellcheck."platforms.linux-arm64"]
checksum = "sha256:12b331c1d2db6b9eb13cfca64306b1b157a86eb69db83023e261eaa7e7c14588"
url = "https://github.com/koalaman/shellcheck/releases/download/v0.11.0/shellcheck-v0.11.0.linux.aarch64.tar.xz"

[tools.shellcheck."platforms.linux-arm64-musl"]
checksum = "sha256:12b331c1d2db6b9eb13cfca64306b1b157a86eb69db83023e261eaa7e7c14588"
url = "https://github.com/koalaman/shellcheck/releases/download/v0.11.0/shellcheck-v0.11.0.linux.aarch64.tar.xz"

[tools.shellcheck."platforms.linux-x64"]
checksum = "sha256:8c3be12b05d5c177a04c29e3c78ce89ac86f1595681cab149b65b97c4e227198"
url = "https://github.com/koalaman/shellcheck/releases/download/v0.11.0/shellcheck-v0.11.0.linux.x86_64.tar.xz"

[tools.shellcheck."platforms.linux-x64-musl"]
checksum = "sha256:8c3be12b05d5c177a04c29e3c78ce89ac86f1595681cab149b65b97c4e227198"
url = "https://github.com/koalaman/shellcheck/releases/download/v0.11.0/shellcheck-v0.11.0.linux.x86_64.tar.xz"

[tools.shellcheck."platforms.macos-arm64"]
checksum = "sha256:56affdd8de5527894dca6dc3d7e0a99a873b0f004d7aabc30ae407d3f48b0a79"
url = "https://github.com/koalaman/shellcheck/releases/download/v0.11.0/shellcheck-v0.11.0.darwin.aarch64.tar.xz"

[tools.shellcheck."platforms.macos-x64"]
checksum = "sha256:3c89db4edcab7cf1c27bff178882e0f6f27f7afdf54e859fa041fca10febe4c6"
url = "https://github.com/koalaman/shellcheck/releases/download/v0.11.0/shellcheck-v0.11.0.darwin.x86_64.tar.xz"

[tools.shellcheck."platforms.windows-x64"]
checksum = "sha256:8a4e35ab0b331c85d73567b12f2a444df187f483e5079ceffa6bda1faa2e740e"
url = "https://github.com/koalaman/shellcheck/releases/download/v0.11.0/shellcheck-v0.11.0.zip"
